
Microsoft Visual Studio Solution File, Format Version 12.00
# Visual Studio 15
VisualStudioVersion = 15.0.28307.106
MinimumVisualStudioVersion = 10.0.40219.1
Project("{FAE04EC0-301F-11D3-BF4B-00C04F79EFBC}") = "WPFDemo.SimpleFrame.Container", "WPFDemo.SimpleFrame.Container\WPFDemo.SimpleFrame.Container.csproj", "{BEA21815-3F68-4E1F-8563-DE6449E9A75F}"
EndProject
Project("{2150E333-8FDC-42A3-9474-1A3956D46DE8}") = "Back-End", "Back-End", "{7905B87A-E1CF-4450-8062-BC2647AA124B}"
EndProject
Project("{2150E333-8FDC-42A3-9474-1A3956D46DE8}") = "Font-End", "Font-End", "{3D0E1EA2-D6C2-44C0-8AFD-875A99105CB0}"
EndProject
Project("{2150E333-8FDC-42A3-9474-1A3956D46DE8}") = "Infra", "Infra", "{99FB4FA6-E9FC-4261-B73E-7F8A7F5B61B9}"
EndProject
Project("{2150E333-8FDC-42A3-9474-1A3956D46DE8}") = "Modules", "Modules", "{A770C0B9-9A54-4814-8E8B-6084EE6A0909}"
EndProject
Project("{FAE04EC0-301F-11D3-BF4B-00C04F79EFBC}") = "WPFDemo.SimpleFrame.Infra.Ioc", "WPFDemo.SimpleFrame.Infra.Ioc\WPFDemo.SimpleFrame.Infra.Ioc.csproj", "{6855CF0A-D03A-47F5-872E-D340CDDBF043}"
EndProject
Project("{2150E333-8FDC-42A3-9474-1A3956D46DE8}") = "Interfaces", "Interfaces", "{72043ADD-ABE3-4F9E-BB22-3CB43CB76901}"
EndProject
Project("{2150E333-8FDC-42A3-9474-1A3956D46DE8}") = "Implements", "Implements", "{9F5D659E-5523-421D-B119-2A07BDD0FD5D}"
EndProject
Project("{FAE04EC0-301F-11D3-BF4B-00C04F79EFBC}") = "WPFDemo.SimpleFrame.IBLL", "WPFDemo.SimpleFrame.IBLL\WPFDemo.SimpleFrame.IBLL.csproj", "{E1243FF9-B052-4AC7-AE55-80460B828599}"
EndProject
Project("{FAE04EC0-301F-11D3-BF4B-00C04F79EFBC}") = "WPFDemo.SimpleFrame.BLL", "WPFDemo.SimpleFrame.BLL\WPFDemo.SimpleFrame.BLL.csproj", "{3F27CE5C-96A9-4A9D-BF58-8BFA594A0FB1}"
EndProject
Project("{2150E333-8FDC-42A3-9474-1A3956D46DE8}") = "IViews", "IViews", "{CC4E101F-0F15-477F-ABDD-674B62A59D85}"
EndProject
Project("{2150E333-8FDC-42A3-9474-1A3956D46DE8}") = "Views", "Views", "{DD5D3BD8-339F-4807-864C-0B70C6EA6579}"
EndProject
Project("{2150E333-8FDC-42A3-9474-1A3956D46DE8}") = "IViewModels", "IViewModels", "{B64691E5-47AE-4A02-BD8A-9C6E662558B2}"
EndProject
Project("{2150E333-8FDC-42A3-9474-1A3956D46DE8}") = "ViewModels", "ViewModels", "{32E4B991-EC41-4B3D-B20C-56E089F1B6E1}"
EndProject
Project("{FAE04EC0-301F-11D3-BF4B-00C04F79EFBC}") = "WPFDemo.SimpleFrame.Views.Test", "WPFDemo.SimpleFrame.Views.Test\WPFDemo.SimpleFrame.Views.Test.csproj", "{096AA23B-7E2B-4C25-822D-C62BC88E2E43}"
EndProject
Project("{FAE04EC0-301F-11D3-BF4B-00C04F79EFBC}") = "WPFDemo.SimpleFrame.IViewModels.Test", "WPFDemo.SimpleFrame.IViewModels.Test\WPFDemo.SimpleFrame.IViewModels.Test.csproj", "{44BF97A2-B208-4215-A9D3-ADD8E27676CB}"
EndProject
Project("{FAE04EC0-301F-11D3-BF4B-00C04F79EFBC}") = "WPFDemo.SimpleFrame.ViewModels.Test", "WPFDemo.SimpleFrame.ViewModels.Test\WPFDemo.SimpleFrame.ViewModels.Test.csproj", "{A2B637C2-911F-45EA-B889-DC349B46FE5A}"
EndProject
Project("{FAE04EC0-301F-11D3-BF4B-00C04F79EFBC}") = "WPFDemo.SimpleFrame.Infra.Models", "WPFDemo.SimpleFrame.Infra.Models\WPFDemo.SimpleFrame.Infra.Models.csproj", "{C9AD9862-4539-4EEA-BA4D-1B01301263EB}"
EndProject
Project("{FAE04EC0-301F-11D3-BF4B-00C04F79EFBC}") = "WPFDemo.SimpleFrame.Infra.Enums", "WPFDemo.SimpleFrame.Infra.Enums\WPFDemo.SimpleFrame.Infra.Enums.csproj", "{1EFDA8F3-F261-4C04-B069-67DACAE8BBE5}"
EndProject
Project("{FAE04EC0-301F-11D3-BF4B-00C04F79EFBC}") = "WPFDemo.SimpleFrame.Infra.MVVM", "WPFDemo.SimpleFrame.Infra.MVVM\WPFDemo.SimpleFrame.Infra.MVVM.csproj", "{B6D7DC35-3978-4E0B-948E-753218E718C5}"
EndProject
Project("{FAE04EC0-301F-11D3-BF4B-00C04F79EFBC}") = "WPFDemo.SimpleFrame.Infra.CustomControls", "WPFDemo.SimpleFrame.Infra.CustomControls\WPFDemo.SimpleFrame.Infra.CustomControls.csproj", "{22CDFFBF-E20F-42FF-B638-FF54DD3C7105}"
EndProject
Project("{FAE04EC0-301F-11D3-BF4B-00C04F79EFBC}") = "WPFDemo.SimpleFrame.Infra.ControlThemes", "WPFDemo.SimpleFrame.Infra.ControlThemes\WPFDemo.SimpleFrame.Infra.ControlThemes.csproj", "{E4DCC3A4-049F-4F24-A761-A75D68DED947}"
EndProject
Project("{FAE04EC0-301F-11D3-BF4B-00C04F79EFBC}") = "WPFDemo.SimpleFrame.Infra.Messager", "WPFDemo.SimpleFrame.Infra.Messager\WPFDemo.SimpleFrame.Infra.Messager.csproj", "{0CA40CEA-AE5C-425D-8556-CBBABFDE5CFC}"
EndProject
Project("{FAE04EC0-301F-11D3-BF4B-00C04F79EFBC}") = "WPFDemo.SimpleFrame.Infra.Helper", "WPFDemo.SimpleFrame.Infra.Helper\WPFDemo.SimpleFrame.Infra.Helper.csproj", "{DF6BFA02-30DF-4ABF-B335-58F3DD78B757}"
EndProject
Project("{FAE04EC0-301F-11D3-BF4B-00C04F79EFBC}") = "WPFDemo.SimpleFrame.Infra.Cache", "WPFDemo.SimpleFrame.Infra.Cache\WPFDemo.SimpleFrame.Infra.Cache.csproj", "{828E8730-9FFE-4801-BE00-5013AA5EA1A5}"
EndProject
Global
	GlobalSection(SolutionConfigurationPlatforms) = preSolution
		Debug|Any CPU = Debug|Any CPU
		Release|Any CPU = Release|Any CPU
	EndGlobalSection
	GlobalSection(ProjectConfigurationPlatforms) = postSolution
		{BEA21815-3F68-4E1F-8563-DE6449E9A75F}.Debug|Any CPU.ActiveCfg = Debug|Any CPU
		{BEA21815-3F68-4E1F-8563-DE6449E9A75F}.Debug|Any CPU.Build.0 = Debug|Any CPU
		{BEA21815-3F68-4E1F-8563-DE6449E9A75F}.Release|Any CPU.ActiveCfg = Release|Any CPU
		{BEA21815-3F68-4E1F-8563-DE6449E9A75F}.Release|Any CPU.Build.0 = Release|Any CPU
		{6855CF0A-D03A-47F5-872E-D340CDDBF043}.Debug|Any CPU.ActiveCfg = Debug|Any CPU
		{6855CF0A-D03A-47F5-872E-D340CDDBF043}.Debug|Any CPU.Build.0 = Debug|Any CPU
		{6855CF0A-D03A-47F5-872E-D340CDDBF043}.Release|Any CPU.ActiveCfg = Release|Any CPU
		{6855CF0A-D03A-47F5-872E-D340CDDBF043}.Release|Any CPU.Build.0 = Release|Any CPU
		{E1243FF9-B052-4AC7-AE55-80460B828599}.Debug|Any CPU.ActiveCfg = Debug|Any CPU
		{E1243FF9-B052-4AC7-AE55-80460B828599}.Debug|Any CPU.Build.0 = Debug|Any CPU
		{E1243FF9-B052-4AC7-AE55-80460B828599}.Release|Any CPU.ActiveCfg = Release|Any CPU
		{E1243FF9-B052-4AC7-AE55-80460B828599}.Release|Any CPU.Build.0 = Release|Any CPU
		{3F27CE5C-96A9-4A9D-BF58-8BFA594A0FB1}.Debug|Any CPU.ActiveCfg = Debug|Any CPU
		{3F27CE5C-96A9-4A9D-BF58-8BFA594A0FB1}.Debug|Any CPU.Build.0 = Debug|Any CPU
		{3F27CE5C-96A9-4A9D-BF58-8BFA594A0FB1}.Release|Any CPU.ActiveCfg = Release|Any CPU
		{3F27CE5C-96A9-4A9D-BF58-8BFA594A0FB1}.Release|Any CPU.Build.0 = Release|Any CPU
		{096AA23B-7E2B-4C25-822D-C62BC88E2E43}.Debug|Any CPU.ActiveCfg = Debug|Any CPU
		{096AA23B-7E2B-4C25-822D-C62BC88E2E43}.Debug|Any CPU.Build.0 = Debug|Any CPU
		{096AA23B-7E2B-4C25-822D-C62BC88E2E43}.Release|Any CPU.ActiveCfg = Release|Any CPU
		{096AA23B-7E2B-4C25-822D-C62BC88E2E43}.Release|Any CPU.Build.0 = Release|Any CPU
		{44BF97A2-B208-4215-A9D3-ADD8E27676CB}.Debug|Any CPU.ActiveCfg = Debug|Any CPU
		{44BF97A2-B208-4215-A9D3-ADD8E27676CB}.Debug|Any CPU.Build.0 = Debug|Any CPU
		{44BF97A2-B208-4215-A9D3-ADD8E27676CB}.Release|Any CPU.ActiveCfg = Release|Any CPU
		{44BF97A2-B208-4215-A9D3-ADD8E27676CB}.Release|Any CPU.Build.0 = Release|Any CPU
		{A2B637C2-911F-45EA-B889-DC349B46FE5A}.Debug|Any CPU.ActiveCfg = Debug|Any CPU
		{A2B637C2-911F-45EA-B889-DC349B46FE5A}.Debug|Any CPU.Build.0 = Debug|Any CPU
		{A2B637C2-911F-45EA-B889-DC349B46FE5A}.Release|Any CPU.ActiveCfg = Release|Any CPU
		{A2B637C2-911F-45EA-B889-DC349B46FE5A}.Release|Any CPU.Build.0 = Release|Any CPU
		{C9AD9862-4539-4EEA-BA4D-1B01301263EB}.Debug|Any CPU.ActiveCfg = Debug|Any CPU
		{C9AD9862-4539-4EEA-BA4D-1B01301263EB}.Debug|Any CPU.Build.0 = Debug|Any CPU
		{C9AD9862-4539-4EEA-BA4D-1B01301263EB}.Release|Any CPU.ActiveCfg = Release|Any CPU
		{C9AD9862-4539-4EEA-BA4D-1B01301263EB}.Release|Any CPU.Build.0 = Release|Any CPU
		{1EFDA8F3-F261-4C04-B069-67DACAE8BBE5}.Debug|Any CPU.ActiveCfg = Debug|Any CPU
		{1EFDA8F3-F261-4C04-B069-67DACAE8BBE5}.Debug|Any CPU.Build.0 = Debug|Any CPU
		{1EFDA8F3-F261-4C04-B069-67DACAE8BBE5}.Release|Any CPU.ActiveCfg = Release|Any CPU
		{1EFDA8F3-F261-4C04-B069-67DACAE8BBE5}.Release|Any CPU.Build.0 = Release|Any CPU
		{B6D7DC35-3978-4E0B-948E-753218E718C5}.Debug|Any CPU.ActiveCfg = Debug|Any CPU
		{B6D7DC35-3978-4E0B-948E-753218E718C5}.Debug|Any CPU.Build.0 = Debug|Any CPU
		{B6D7DC35-3978-4E0B-948E-753218E718C5}.Release|Any CPU.ActiveCfg = Release|Any CPU
		{B6D7DC35-3978-4E0B-948E-753218E718C5}.Release|Any CPU.Build.0 = Release|Any CPU
		{22CDFFBF-E20F-42FF-B638-FF54DD3C7105}.Debug|Any CPU.ActiveCfg = Debug|Any CPU
		{22CDFFBF-E20F-42FF-B638-FF54DD3C7105}.Debug|Any CPU.Build.0 = Debug|Any CPU
		{22CDFFBF-E20F-42FF-B638-FF54DD3C7105}.Release|Any CPU.ActiveCfg = Release|Any CPU
		{22CDFFBF-E20F-42FF-B638-FF54DD3C7105}.Release|Any CPU.Build.0 = Release|Any CPU
		{E4DCC3A4-049F-4F24-A761-A75D68DED947}.Debug|Any CPU.ActiveCfg = Debug|Any CPU
		{E4DCC3A4-049F-4F24-A761-A75D68DED947}.Debug|Any CPU.Build.0 = Debug|Any CPU
		{E4DCC3A4-049F-4F24-A761-A75D68DED947}.Release|Any CPU.ActiveCfg = Release|Any CPU
		{E4DCC3A4-049F-4F24-A761-A75D68DED947}.Release|Any CPU.Build.0 = Release|Any CPU
		{0CA40CEA-AE5C-425D-8556-CBBABFDE5CFC}.Debug|Any CPU.ActiveCfg = Debug|Any CPU
		{0CA40CEA-AE5C-425D-8556-CBBABFDE5CFC}.Debug|Any CPU.Build.0 = Debug|Any CPU
		{0CA40CEA-AE5C-425D-8556-CBBABFDE5CFC}.Release|Any CPU.ActiveCfg = Release|Any CPU
		{0CA40CEA-AE5C-425D-8556-CBBABFDE5CFC}.Release|Any CPU.Build.0 = Release|Any CPU
		{DF6BFA02-30DF-4ABF-B335-58F3DD78B757}.Debug|Any CPU.ActiveCfg = Debug|Any CPU
		{DF6BFA02-30DF-4ABF-B335-58F3DD78B757}.Debug|Any CPU.Build.0 = Debug|Any CPU
		{DF6BFA02-30DF-4ABF-B335-58F3DD78B757}.Release|Any CPU.ActiveCfg = Release|Any CPU
		{DF6BFA02-30DF-4ABF-B335-58F3DD78B757}.Release|Any CPU.Build.0 = Release|Any CPU
		{828E8730-9FFE-4801-BE00-5013AA5EA1A5}.Debug|Any CPU.ActiveCfg = Debug|Any CPU
		{828E8730-9FFE-4801-BE00-5013AA5EA1A5}.Debug|Any CPU.Build.0 = Debug|Any CPU
		{828E8730-9FFE-4801-BE00-5013AA5EA1A5}.Release|Any CPU.ActiveCfg = Release|Any CPU
		{828E8730-9FFE-4801-BE00-5013AA5EA1A5}.Release|Any CPU.Build.0 = Release|Any CPU
	EndGlobalSection
	GlobalSection(SolutionProperties) = preSolution
		HideSolutionNode = FALSE
	EndGlobalSection
	GlobalSection(NestedProjects) = preSolution
		{6855CF0A-D03A-47F5-872E-D340CDDBF043} = {99FB4FA6-E9FC-4261-B73E-7F8A7F5B61B9}
		{72043ADD-ABE3-4F9E-BB22-3CB43CB76901} = {7905B87A-E1CF-4450-8062-BC2647AA124B}
		{9F5D659E-5523-421D-B119-2A07BDD0FD5D} = {7905B87A-E1CF-4450-8062-BC2647AA124B}
		{E1243FF9-B052-4AC7-AE55-80460B828599} = {72043ADD-ABE3-4F9E-BB22-3CB43CB76901}
		{3F27CE5C-96A9-4A9D-BF58-8BFA594A0FB1} = {9F5D659E-5523-421D-B119-2A07BDD0FD5D}
		{CC4E101F-0F15-477F-ABDD-674B62A59D85} = {3D0E1EA2-D6C2-44C0-8AFD-875A99105CB0}
		{DD5D3BD8-339F-4807-864C-0B70C6EA6579} = {3D0E1EA2-D6C2-44C0-8AFD-875A99105CB0}
		{B64691E5-47AE-4A02-BD8A-9C6E662558B2} = {3D0E1EA2-D6C2-44C0-8AFD-875A99105CB0}
		{32E4B991-EC41-4B3D-B20C-56E089F1B6E1} = {3D0E1EA2-D6C2-44C0-8AFD-875A99105CB0}
		{096AA23B-7E2B-4C25-822D-C62BC88E2E43} = {DD5D3BD8-339F-4807-864C-0B70C6EA6579}
		{44BF97A2-B208-4215-A9D3-ADD8E27676CB} = {B64691E5-47AE-4A02-BD8A-9C6E662558B2}
		{A2B637C2-911F-45EA-B889-DC349B46FE5A} = {32E4B991-EC41-4B3D-B20C-56E089F1B6E1}
		{C9AD9862-4539-4EEA-BA4D-1B01301263EB} = {99FB4FA6-E9FC-4261-B73E-7F8A7F5B61B9}
		{1EFDA8F3-F261-4C04-B069-67DACAE8BBE5} = {99FB4FA6-E9FC-4261-B73E-7F8A7F5B61B9}
		{B6D7DC35-3978-4E0B-948E-753218E718C5} = {99FB4FA6-E9FC-4261-B73E-7F8A7F5B61B9}
		{22CDFFBF-E20F-42FF-B638-FF54DD3C7105} = {99FB4FA6-E9FC-4261-B73E-7F8A7F5B61B9}
		{E4DCC3A4-049F-4F24-A761-A75D68DED947} = {99FB4FA6-E9FC-4261-B73E-7F8A7F5B61B9}
		{0CA40CEA-AE5C-425D-8556-CBBABFDE5CFC} = {99FB4FA6-E9FC-4261-B73E-7F8A7F5B61B9}
		{DF6BFA02-30DF-4ABF-B335-58F3DD78B757} = {99FB4FA6-E9FC-4261-B73E-7F8A7F5B61B9}
		{828E8730-9FFE-4801-BE00-5013AA5EA1A5} = {99FB4FA6-E9FC-4261-B73E-7F8A7F5B61B9}
	EndGlobalSection
	GlobalSection(ExtensibilityGlobals) = postSolution
		SolutionGuid = {65EBE67F-9EF2-4F47-A70E-1A7EAB195C63}
	EndGlobalSection
EndGlobal
