
Microsoft Visual Studio Solution File, Format Version 12.00
# Visual Studio 15
VisualStudioVersion = 15.0.28307.106
MinimumVisualStudioVersion = 10.0.40219.1
Project("{FAE04EC0-301F-11D3-BF4B-00C04F79EFBC}") = "WPFDemo.SimpleFrame.Container", "WPFDemo.SimpleFrame.Container\WPFDemo.SimpleFrame.Container.csproj", "{BEA21815-3F68-4E1F-8563-DE6449E9A75F}"
EndProject
Project("{2150E333-8FDC-42A3-9474-1A3956D46DE8}") = "Back-End", "Back-End", "{7905B87A-E1CF-4450-8062-BC2647AA124B}"
EndProject
Project("{2150E333-8FDC-42A3-9474-1A3956D46DE8}") = "Font-End", "Font-End", "{3D0E1EA2-D6C2-44C0-8AFD-875A99105CB0}"
EndProject
Project("{2150E333-8FDC-42A3-9474-1A3956D46DE8}") = "Infra", "Infra", "{99FB4FA6-E9FC-4261-B73E-7F8A7F5B61B9}"
EndProject
Project("{2150E333-8FDC-42A3-9474-1A3956D46DE8}") = "Modules", "Modules", "{A770C0B9-9A54-4814-8E8B-6084EE6A0909}"
EndProject
Project("{FAE04EC0-301F-11D3-BF4B-00C04F79EFBC}") = "WPFDemo.SimpleFrame.Infra.Ioc", "WPFDemo.SimpleFrame.Infra.Ioc\WPFDemo.SimpleFrame.Infra.Ioc.csproj", "{6855CF0A-D03A-47F5-872E-D340CDDBF043}"
EndProject
Project("{2150E333-8FDC-42A3-9474-1A3956D46DE8}") = "Interfaces", "Interfaces", "{72043ADD-ABE3-4F9E-BB22-3CB43CB76901}"
EndProject
Project("{2150E333-8FDC-42A3-9474-1A3956D46DE8}") = "Implements", "Implements", "{9F5D659E-5523-421D-B119-2A07BDD0FD5D}"
EndProject
Project("{FAE04EC0-301F-11D3-BF4B-00C04F79EFBC}") = "WPFDemo.SimpleFrame.IBLL", "WPFDemo.SimpleFrame.IBLL\WPFDemo.SimpleFrame.IBLL.csproj", "{E1243FF9-B052-4AC7-AE55-80460B828599}"
EndProject
Project("{FAE04EC0-301F-11D3-BF4B-00C04F79EFBC}") = "WPFDemo.SimpleFrame.BLL", "WPFDemo.SimpleFrame.BLL\WPFDemo.SimpleFrame.BLL.csproj", "{3F27CE5C-96A9-4A9D-BF58-8BFA594A0FB1}"
EndProject
Project("{2150E333-8FDC-42A3-9474-1A3956D46DE8}") = "IViews", "IViews", "{CC4E101F-0F15-477F-ABDD-674B62A59D85}"
EndProject
Project("{2150E333-8FDC-42A3-9474-1A3956D46DE8}") = "Views", "Views", "{DD5D3BD8-339F-4807-864C-0B70C6EA6579}"
EndProject
Project("{2150E333-8FDC-42A3-9474-1A3956D46DE8}") = "IViewModels", "IViewModels", "{B64691E5-47AE-4A02-BD8A-9C6E662558B2}"
EndProject
Project("{2150E333-8FDC-42A3-9474-1A3956D46DE8}") = "ViewModels", "ViewModels", "{32E4B991-EC41-4B3D-B20C-56E089F1B6E1}"
EndProject
Project("{FAE04EC0-301F-11D3-BF4B-00C04F79EFBC}") = "WPFDemo.SimpleFrame.Views.Test", "WPFDemo.SimpleFrame.Views.Test\WPFDemo.SimpleFrame.Views.Test.csproj", "{096AA23B-7E2B-4C25-822D-C62BC88E2E43}"
EndProject
Project("{FAE04EC0-301F-11D3-BF4B-00C04F79EFBC}") = "WPFDemo.SimpleFrame.IViewModels.Test", "WPFDemo.SimpleFrame.IViewModels.Test\WPFDemo.SimpleFrame.IViewModels.Test.csproj", "{44BF97A2-B208-4215-A9D3-ADD8E27676CB}"
EndProject
Project("{FAE04EC0-301F-11D3-BF4B-00C04F79EFBC}") = "WPFDemo.SimpleFrame.ViewModels.Test", "WPFDemo.SimpleFrame.ViewModels.Test\WPFDemo.SimpleFrame.ViewModels.Test.csproj", "{A2B637C2-911F-45EA-B889-DC349B46FE5A}"
EndProject
Project("{FAE04EC0-301F-11D3-BF4B-00C04F79EFBC}") = "WPFDemo.SimpleFrame.Infra.Models", "WPFDemo.SimpleFrame.Infra.Models\WPFDemo.SimpleFrame.Infra.Models.csproj", "{C9AD9862-4539-4EEA-BA4D-1B01301263EB}"
EndProject
Project("{FAE04EC0-301F-11D3-BF4B-00C04F79EFBC}") = "WPFDemo.SimpleFrame.Infra.Enums", "WPFDemo.SimpleFrame.Infra.Enums\WPFDemo.SimpleFrame.Infra.Enums.csproj", "{1EFDA8F3-F261-4C04-B069-67DACAE8BBE5}"
EndProject
Project("{FAE04EC0-301F-11D3-BF4B-00C04F79EFBC}") = "WPFDemo.SimpleFrame.Infra.CustomControls", "WPFDemo.SimpleFrame.Infra.CustomControls\WPFDemo.SimpleFrame.Infra.CustomControls.csproj", "{22CDFFBF-E20F-42FF-B638-FF54DD3C7105}"
EndProject
Project("{FAE04EC0-301F-11D3-BF4B-00C04F79EFBC}") = "WPFDemo.SimpleFrame.Infra.Messager", "WPFDemo.SimpleFrame.Infra.Messager\WPFDemo.SimpleFrame.Infra.Messager.csproj", "{0CA40CEA-AE5C-425D-8556-CBBABFDE5CFC}"
EndProject
Project("{FAE04EC0-301F-11D3-BF4B-00C04F79EFBC}") = "WPFDemo.SimpleFrame.Infra.Helper", "WPFDemo.SimpleFrame.Infra.Helper\WPFDemo.SimpleFrame.Infra.Helper.csproj", "{DF6BFA02-30DF-4ABF-B335-58F3DD78B757}"
EndProject
Project("{FAE04EC0-301F-11D3-BF4B-00C04F79EFBC}") = "WPFDemo.SimpleFrame.Infra.Cache", "WPFDemo.SimpleFrame.Infra.Cache\WPFDemo.SimpleFrame.Infra.Cache.csproj", "{828E8730-9FFE-4801-BE00-5013AA5EA1A5}"
EndProject
Project("{FAE04EC0-301F-11D3-BF4B-00C04F79EFBC}") = "WPFDemo.SimpleFrame.Infra.ControlsThemes", "WPFDemo.SimpleFrame.Infra.ControlsThemes\WPFDemo.SimpleFrame.Infra.ControlsThemes.csproj", "{D399F467-FC99-413C-AE99-8F2B9AEEC34B}"
EndProject
Project("{FAE04EC0-301F-11D3-BF4B-00C04F79EFBC}") = "WPFDemo.SimpleFrame.Views.Navis", "WPFDemo.SimpleFrame.Views.Navis\WPFDemo.SimpleFrame.Views.Navis.csproj", "{BAD89178-2743-4E4E-91D6-A8C067AC820F}"
EndProject
Project("{FAE04EC0-301F-11D3-BF4B-00C04F79EFBC}") = "WPFDemo.SimpleFrame.Views.DMs", "WPFDemo.SimpleFrame.Views.DMs\WPFDemo.SimpleFrame.Views.DMs.csproj", "{067B2FB2-137F-4E34-8EB8-229F0ADE89AF}"
EndProject
Project("{FAE04EC0-301F-11D3-BF4B-00C04F79EFBC}") = "WPFDemo.SimpleFrame.IViewModels.DMs", "WPFDemo.SimpleFrame.IViewModels.DMs\WPFDemo.SimpleFrame.IViewModels.DMs.csproj", "{D27FB9FA-9C09-4272-9B88-021D24B8409E}"
EndProject
Project("{FAE04EC0-301F-11D3-BF4B-00C04F79EFBC}") = "WPFDemo.SimpleFrame.ViewModels.DMs", "WPFDemo.SimpleFrame.ViewModels.DMs\WPFDemo.SimpleFrame.ViewModels.DMs.csproj", "{9EC2D6AB-E1A3-4909-9011-213EFD255586}"
EndProject
Project("{FAE04EC0-301F-11D3-BF4B-00C04F79EFBC}") = "WPFDemo.SimpleFrame.Views.DVs", "WPFDemo.SimpleFrame.Views.DVs\WPFDemo.SimpleFrame.Views.DVs.csproj", "{83E3786B-5C01-4411-8F41-7C0CE3B6AA6A}"
EndProject
Project("{FAE04EC0-301F-11D3-BF4B-00C04F79EFBC}") = "WPFDemo.SimpleFrame.IViewModels.DVs", "WPFDemo.SimpleFrame.IViewModels.DVs\WPFDemo.SimpleFrame.IViewModels.DVs.csproj", "{E75B1BD8-8447-4CDD-BF8E-110F0C16C125}"
EndProject
Project("{FAE04EC0-301F-11D3-BF4B-00C04F79EFBC}") = "WPFDemo.SimpleFrame.ViewModels.DVs", "WPFDemo.SimpleFrame.ViewModels.DVs\WPFDemo.SimpleFrame.ViewModels.DVs.csproj", "{149DE941-CAA6-4EBE-ABC0-29185C39C61B}"
EndProject
Project("{FAE04EC0-301F-11D3-BF4B-00C04F79EFBC}") = "WPFDemo.SimpleFrame.Views.LayOut", "WPFDemo.SimpleFrame.Views.LayOut\WPFDemo.SimpleFrame.Views.LayOut.csproj", "{A2A98D7A-25E9-4BE2-8E13-ED244DECBB18}"
EndProject
Project("{FAE04EC0-301F-11D3-BF4B-00C04F79EFBC}") = "WPFDemo.SimpleFrame.ViewModels.LayOut", "WPFDemo.SimpleFrame.ViewModels.LayOut\WPFDemo.SimpleFrame.ViewModels.LayOut.csproj", "{5A2CE5F7-D82A-4D6B-AD2C-F3CEC44A11C6}"
EndProject
Project("{FAE04EC0-301F-11D3-BF4B-00C04F79EFBC}") = "WPFDemo.SimpleFrame.IViewModels.LayOut", "WPFDemo.SimpleFrame.IViewModels.LayOut\WPFDemo.SimpleFrame.IViewModels.LayOut.csproj", "{BC4B313D-D80D-4CAC-B2DA-9DAD04FEC137}"
EndProject
Project("{FAE04EC0-301F-11D3-BF4B-00C04F79EFBC}") = "WPFDemo.SimpleFrame.IViews.LayOut", "WPFDemo.SimpleFrame.IViews.LayOut\WPFDemo.SimpleFrame.IViews.LayOut.csproj", "{5FA2B589-4B8B-4A2B-B29F-C0C9A687EAEF}"
EndProject
Project("{FAE04EC0-301F-11D3-BF4B-00C04F79EFBC}") = "WPFDemo.SimpleFrame.Infra.DialogConsumer", "WPFDemo.SimpleFrame.Infra.DialogConsumer\WPFDemo.SimpleFrame.Infra.DialogConsumer.csproj", "{8057A5DB-DF5C-4485-95AD-A4CCBB4AF631}"
EndProject
Project("{FAE04EC0-301F-11D3-BF4B-00C04F79EFBC}") = "WPFDemo.SimpleFrame.Infra.MVVM.VMOnly", "WPFDemo.SimpleFrame.Infra.MVVM.VMOnly\WPFDemo.SimpleFrame.Infra.MVVM.VMOnly.csproj", "{EF814E43-2ACE-4122-A1C9-B3BAD2193E96}"
EndProject
Project("{FAE04EC0-301F-11D3-BF4B-00C04F79EFBC}") = "WPFDemo.SimpleFrame.Infra.MVVM.VOnly", "WPFDemo.SimpleFrame.Infra.MVVM.VOnly\WPFDemo.SimpleFrame.Infra.MVVM.VOnly.csproj", "{90FDC46B-BD46-475E-9FF1-56E0C0B65AD1}"
EndProject
Project("{FAE04EC0-301F-11D3-BF4B-00C04F79EFBC}") = "WPFDemo.SimpleFrame.Views.CustomDialogs", "WPFDemo.SimpleFrame.Views.CustomDialogs\WPFDemo.SimpleFrame.Views.CustomDialogs.csproj", "{DF04A179-E94E-43FE-AB35-5CBDFC3797BD}"
EndProject
Project("{FAE04EC0-301F-11D3-BF4B-00C04F79EFBC}") = "WPFDemo.SimpleFrame.IViews.CustomDialogs", "WPFDemo.SimpleFrame.IViews.CustomDialogs\WPFDemo.SimpleFrame.IViews.CustomDialogs.csproj", "{37BB477B-6CA3-42DD-872C-0BFC15E179BB}"
EndProject
Project("{FAE04EC0-301F-11D3-BF4B-00C04F79EFBC}") = "WPFDemo.SimpleFrame.Views.UXs", "WPFDemo.SimpleFrame.Views.UXs\WPFDemo.SimpleFrame.Views.UXs.csproj", "{214ED45A-C403-4A2B-BCAB-0F873B2B81B1}"
EndProject
Project("{FAE04EC0-301F-11D3-BF4B-00C04F79EFBC}") = "WPFDemo.SimpleFrame.IViewModels.UXs", "WPFDemo.SimpleFrame.IViewModels.UXs\WPFDemo.SimpleFrame.IViewModels.UXs.csproj", "{9D023480-7F0C-42BD-9DC9-DC2C1C04A3C7}"
EndProject
Project("{FAE04EC0-301F-11D3-BF4B-00C04F79EFBC}") = "WPFDemo.SimpleFrame.ViewModels.UXs", "WPFDemo.SimpleFrame.ViewModels.UXs\WPFDemo.SimpleFrame.ViewModels.UXs.csproj", "{EB820EAA-348C-45D5-8E84-E0BD119F2858}"
EndProject
Project("{FAE04EC0-301F-11D3-BF4B-00C04F79EFBC}") = "WPFDemo.SimpleFrame.Views.Editors", "WPFDemo.SimpleFrame.Views.Editors\WPFDemo.SimpleFrame.Views.Editors.csproj", "{A3B05639-B6FE-405B-A7C8-9AD84C4163E4}"
EndProject
Project("{FAE04EC0-301F-11D3-BF4B-00C04F79EFBC}") = "WPFDemo.SimpleFrame.IViewModels.Navis", "WPFDemo.SimpleFrame.IViewModels.Navis\WPFDemo.SimpleFrame.IViewModels.Navis.csproj", "{E8D122AA-95C9-433C-BE0D-C324FA122B20}"
EndProject
Project("{FAE04EC0-301F-11D3-BF4B-00C04F79EFBC}") = "WPFDemo.SimpleFrame.ViewModels.Navis", "WPFDemo.SimpleFrame.ViewModels.Navis\WPFDemo.SimpleFrame.ViewModels.Navis.csproj", "{F86A130B-211E-4724-B843-C2758E5905CF}"
EndProject
Project("{FAE04EC0-301F-11D3-BF4B-00C04F79EFBC}") = "WPFDemo.SimpleFrame.IViewModelsEditors", "WPFDemo.SimpleFrame.IViewModelsEditors\WPFDemo.SimpleFrame.IViewModelsEditors.csproj", "{46CEC59E-0758-4582-8E73-85E785BFD96D}"
EndProject
Project("{FAE04EC0-301F-11D3-BF4B-00C04F79EFBC}") = "WPFDemo.SimpleFrame.ViewModels.Editors", "WPFDemo.SimpleFrame.ViewModels.Editors\WPFDemo.SimpleFrame.ViewModels.Editors.csproj", "{6D5ABBAA-0ACF-48CF-80C8-6A4C6FF651E9}"
EndProject
Project("{FAE04EC0-301F-11D3-BF4B-00C04F79EFBC}") = "WPFDemo.SimpleFrame.Views.ECGTools", "WPFDemo.SimpleFrame.Views.ECGTools\WPFDemo.SimpleFrame.Views.ECGTools.csproj", "{730C9982-DDC8-4871-A70A-3B39D6DBF430}"
EndProject
Global
	GlobalSection(SolutionConfigurationPlatforms) = preSolution
		Debug|Any CPU = Debug|Any CPU
		Release|Any CPU = Release|Any CPU
	EndGlobalSection
	GlobalSection(ProjectConfigurationPlatforms) = postSolution
		{BEA21815-3F68-4E1F-8563-DE6449E9A75F}.Debug|Any CPU.ActiveCfg = Debug|Any CPU
		{BEA21815-3F68-4E1F-8563-DE6449E9A75F}.Debug|Any CPU.Build.0 = Debug|Any CPU
		{BEA21815-3F68-4E1F-8563-DE6449E9A75F}.Release|Any CPU.ActiveCfg = Release|Any CPU
		{BEA21815-3F68-4E1F-8563-DE6449E9A75F}.Release|Any CPU.Build.0 = Release|Any CPU
		{6855CF0A-D03A-47F5-872E-D340CDDBF043}.Debug|Any CPU.ActiveCfg = Debug|Any CPU
		{6855CF0A-D03A-47F5-872E-D340CDDBF043}.Debug|Any CPU.Build.0 = Debug|Any CPU
		{6855CF0A-D03A-47F5-872E-D340CDDBF043}.Release|Any CPU.ActiveCfg = Release|Any CPU
		{6855CF0A-D03A-47F5-872E-D340CDDBF043}.Release|Any CPU.Build.0 = Release|Any CPU
		{E1243FF9-B052-4AC7-AE55-80460B828599}.Debug|Any CPU.ActiveCfg = Debug|Any CPU
		{E1243FF9-B052-4AC7-AE55-80460B828599}.Debug|Any CPU.Build.0 = Debug|Any CPU
		{E1243FF9-B052-4AC7-AE55-80460B828599}.Release|Any CPU.ActiveCfg = Release|Any CPU
		{E1243FF9-B052-4AC7-AE55-80460B828599}.Release|Any CPU.Build.0 = Release|Any CPU
		{3F27CE5C-96A9-4A9D-BF58-8BFA594A0FB1}.Debug|Any CPU.ActiveCfg = Debug|Any CPU
		{3F27CE5C-96A9-4A9D-BF58-8BFA594A0FB1}.Debug|Any CPU.Build.0 = Debug|Any CPU
		{3F27CE5C-96A9-4A9D-BF58-8BFA594A0FB1}.Release|Any CPU.ActiveCfg = Release|Any CPU
		{3F27CE5C-96A9-4A9D-BF58-8BFA594A0FB1}.Release|Any CPU.Build.0 = Release|Any CPU
		{096AA23B-7E2B-4C25-822D-C62BC88E2E43}.Debug|Any CPU.ActiveCfg = Debug|Any CPU
		{096AA23B-7E2B-4C25-822D-C62BC88E2E43}.Debug|Any CPU.Build.0 = Debug|Any CPU
		{096AA23B-7E2B-4C25-822D-C62BC88E2E43}.Release|Any CPU.ActiveCfg = Release|Any CPU
		{096AA23B-7E2B-4C25-822D-C62BC88E2E43}.Release|Any CPU.Build.0 = Release|Any CPU
		{44BF97A2-B208-4215-A9D3-ADD8E27676CB}.Debug|Any CPU.ActiveCfg = Debug|Any CPU
		{44BF97A2-B208-4215-A9D3-ADD8E27676CB}.Debug|Any CPU.Build.0 = Debug|Any CPU
		{44BF97A2-B208-4215-A9D3-ADD8E27676CB}.Release|Any CPU.ActiveCfg = Release|Any CPU
		{44BF97A2-B208-4215-A9D3-ADD8E27676CB}.Release|Any CPU.Build.0 = Release|Any CPU
		{A2B637C2-911F-45EA-B889-DC349B46FE5A}.Debug|Any CPU.ActiveCfg = Debug|Any CPU
		{A2B637C2-911F-45EA-B889-DC349B46FE5A}.Debug|Any CPU.Build.0 = Debug|Any CPU
		{A2B637C2-911F-45EA-B889-DC349B46FE5A}.Release|Any CPU.ActiveCfg = Release|Any CPU
		{A2B637C2-911F-45EA-B889-DC349B46FE5A}.Release|Any CPU.Build.0 = Release|Any CPU
		{C9AD9862-4539-4EEA-BA4D-1B01301263EB}.Debug|Any CPU.ActiveCfg = Debug|Any CPU
		{C9AD9862-4539-4EEA-BA4D-1B01301263EB}.Debug|Any CPU.Build.0 = Debug|Any CPU
		{C9AD9862-4539-4EEA-BA4D-1B01301263EB}.Release|Any CPU.ActiveCfg = Release|Any CPU
		{C9AD9862-4539-4EEA-BA4D-1B01301263EB}.Release|Any CPU.Build.0 = Release|Any CPU
		{1EFDA8F3-F261-4C04-B069-67DACAE8BBE5}.Debug|Any CPU.ActiveCfg = Debug|Any CPU
		{1EFDA8F3-F261-4C04-B069-67DACAE8BBE5}.Debug|Any CPU.Build.0 = Debug|Any CPU
		{1EFDA8F3-F261-4C04-B069-67DACAE8BBE5}.Release|Any CPU.ActiveCfg = Release|Any CPU
		{1EFDA8F3-F261-4C04-B069-67DACAE8BBE5}.Release|Any CPU.Build.0 = Release|Any CPU
		{22CDFFBF-E20F-42FF-B638-FF54DD3C7105}.Debug|Any CPU.ActiveCfg = Debug|Any CPU
		{22CDFFBF-E20F-42FF-B638-FF54DD3C7105}.Debug|Any CPU.Build.0 = Debug|Any CPU
		{22CDFFBF-E20F-42FF-B638-FF54DD3C7105}.Release|Any CPU.ActiveCfg = Release|Any CPU
		{22CDFFBF-E20F-42FF-B638-FF54DD3C7105}.Release|Any CPU.Build.0 = Release|Any CPU
		{0CA40CEA-AE5C-425D-8556-CBBABFDE5CFC}.Debug|Any CPU.ActiveCfg = Debug|Any CPU
		{0CA40CEA-AE5C-425D-8556-CBBABFDE5CFC}.Debug|Any CPU.Build.0 = Debug|Any CPU
		{0CA40CEA-AE5C-425D-8556-CBBABFDE5CFC}.Release|Any CPU.ActiveCfg = Release|Any CPU
		{0CA40CEA-AE5C-425D-8556-CBBABFDE5CFC}.Release|Any CPU.Build.0 = Release|Any CPU
		{DF6BFA02-30DF-4ABF-B335-58F3DD78B757}.Debug|Any CPU.ActiveCfg = Debug|Any CPU
		{DF6BFA02-30DF-4ABF-B335-58F3DD78B757}.Debug|Any CPU.Build.0 = Debug|Any CPU
		{DF6BFA02-30DF-4ABF-B335-58F3DD78B757}.Release|Any CPU.ActiveCfg = Release|Any CPU
		{DF6BFA02-30DF-4ABF-B335-58F3DD78B757}.Release|Any CPU.Build.0 = Release|Any CPU
		{828E8730-9FFE-4801-BE00-5013AA5EA1A5}.Debug|Any CPU.ActiveCfg = Debug|Any CPU
		{828E8730-9FFE-4801-BE00-5013AA5EA1A5}.Debug|Any CPU.Build.0 = Debug|Any CPU
		{828E8730-9FFE-4801-BE00-5013AA5EA1A5}.Release|Any CPU.ActiveCfg = Release|Any CPU
		{828E8730-9FFE-4801-BE00-5013AA5EA1A5}.Release|Any CPU.Build.0 = Release|Any CPU
		{D399F467-FC99-413C-AE99-8F2B9AEEC34B}.Debug|Any CPU.ActiveCfg = Debug|Any CPU
		{D399F467-FC99-413C-AE99-8F2B9AEEC34B}.Debug|Any CPU.Build.0 = Debug|Any CPU
		{D399F467-FC99-413C-AE99-8F2B9AEEC34B}.Release|Any CPU.ActiveCfg = Release|Any CPU
		{D399F467-FC99-413C-AE99-8F2B9AEEC34B}.Release|Any CPU.Build.0 = Release|Any CPU
		{BAD89178-2743-4E4E-91D6-A8C067AC820F}.Debug|Any CPU.ActiveCfg = Debug|Any CPU
		{BAD89178-2743-4E4E-91D6-A8C067AC820F}.Debug|Any CPU.Build.0 = Debug|Any CPU
		{BAD89178-2743-4E4E-91D6-A8C067AC820F}.Release|Any CPU.ActiveCfg = Release|Any CPU
		{BAD89178-2743-4E4E-91D6-A8C067AC820F}.Release|Any CPU.Build.0 = Release|Any CPU
		{067B2FB2-137F-4E34-8EB8-229F0ADE89AF}.Debug|Any CPU.ActiveCfg = Debug|Any CPU
		{067B2FB2-137F-4E34-8EB8-229F0ADE89AF}.Debug|Any CPU.Build.0 = Debug|Any CPU
		{067B2FB2-137F-4E34-8EB8-229F0ADE89AF}.Release|Any CPU.ActiveCfg = Release|Any CPU
		{067B2FB2-137F-4E34-8EB8-229F0ADE89AF}.Release|Any CPU.Build.0 = Release|Any CPU
		{D27FB9FA-9C09-4272-9B88-021D24B8409E}.Debug|Any CPU.ActiveCfg = Debug|Any CPU
		{D27FB9FA-9C09-4272-9B88-021D24B8409E}.Debug|Any CPU.Build.0 = Debug|Any CPU
		{D27FB9FA-9C09-4272-9B88-021D24B8409E}.Release|Any CPU.ActiveCfg = Release|Any CPU
		{D27FB9FA-9C09-4272-9B88-021D24B8409E}.Release|Any CPU.Build.0 = Release|Any CPU
		{9EC2D6AB-E1A3-4909-9011-213EFD255586}.Debug|Any CPU.ActiveCfg = Debug|Any CPU
		{9EC2D6AB-E1A3-4909-9011-213EFD255586}.Debug|Any CPU.Build.0 = Debug|Any CPU
		{9EC2D6AB-E1A3-4909-9011-213EFD255586}.Release|Any CPU.ActiveCfg = Release|Any CPU
		{9EC2D6AB-E1A3-4909-9011-213EFD255586}.Release|Any CPU.Build.0 = Release|Any CPU
		{83E3786B-5C01-4411-8F41-7C0CE3B6AA6A}.Debug|Any CPU.ActiveCfg = Debug|Any CPU
		{83E3786B-5C01-4411-8F41-7C0CE3B6AA6A}.Debug|Any CPU.Build.0 = Debug|Any CPU
		{83E3786B-5C01-4411-8F41-7C0CE3B6AA6A}.Release|Any CPU.ActiveCfg = Release|Any CPU
		{83E3786B-5C01-4411-8F41-7C0CE3B6AA6A}.Release|Any CPU.Build.0 = Release|Any CPU
		{E75B1BD8-8447-4CDD-BF8E-110F0C16C125}.Debug|Any CPU.ActiveCfg = Debug|Any CPU
		{E75B1BD8-8447-4CDD-BF8E-110F0C16C125}.Debug|Any CPU.Build.0 = Debug|Any CPU
		{E75B1BD8-8447-4CDD-BF8E-110F0C16C125}.Release|Any CPU.ActiveCfg = Release|Any CPU
		{E75B1BD8-8447-4CDD-BF8E-110F0C16C125}.Release|Any CPU.Build.0 = Release|Any CPU
		{149DE941-CAA6-4EBE-ABC0-29185C39C61B}.Debug|Any CPU.ActiveCfg = Debug|Any CPU
		{149DE941-CAA6-4EBE-ABC0-29185C39C61B}.Debug|Any CPU.Build.0 = Debug|Any CPU
		{149DE941-CAA6-4EBE-ABC0-29185C39C61B}.Release|Any CPU.ActiveCfg = Release|Any CPU
		{149DE941-CAA6-4EBE-ABC0-29185C39C61B}.Release|Any CPU.Build.0 = Release|Any CPU
		{A2A98D7A-25E9-4BE2-8E13-ED244DECBB18}.Debug|Any CPU.ActiveCfg = Debug|Any CPU
		{A2A98D7A-25E9-4BE2-8E13-ED244DECBB18}.Debug|Any CPU.Build.0 = Debug|Any CPU
		{A2A98D7A-25E9-4BE2-8E13-ED244DECBB18}.Release|Any CPU.ActiveCfg = Release|Any CPU
		{A2A98D7A-25E9-4BE2-8E13-ED244DECBB18}.Release|Any CPU.Build.0 = Release|Any CPU
		{5A2CE5F7-D82A-4D6B-AD2C-F3CEC44A11C6}.Debug|Any CPU.ActiveCfg = Debug|Any CPU
		{5A2CE5F7-D82A-4D6B-AD2C-F3CEC44A11C6}.Debug|Any CPU.Build.0 = Debug|Any CPU
		{5A2CE5F7-D82A-4D6B-AD2C-F3CEC44A11C6}.Release|Any CPU.ActiveCfg = Release|Any CPU
		{5A2CE5F7-D82A-4D6B-AD2C-F3CEC44A11C6}.Release|Any CPU.Build.0 = Release|Any CPU
		{BC4B313D-D80D-4CAC-B2DA-9DAD04FEC137}.Debug|Any CPU.ActiveCfg = Debug|Any CPU
		{BC4B313D-D80D-4CAC-B2DA-9DAD04FEC137}.Debug|Any CPU.Build.0 = Debug|Any CPU
		{BC4B313D-D80D-4CAC-B2DA-9DAD04FEC137}.Release|Any CPU.ActiveCfg = Release|Any CPU
		{BC4B313D-D80D-4CAC-B2DA-9DAD04FEC137}.Release|Any CPU.Build.0 = Release|Any CPU
		{5FA2B589-4B8B-4A2B-B29F-C0C9A687EAEF}.Debug|Any CPU.ActiveCfg = Debug|Any CPU
		{5FA2B589-4B8B-4A2B-B29F-C0C9A687EAEF}.Debug|Any CPU.Build.0 = Debug|Any CPU
		{5FA2B589-4B8B-4A2B-B29F-C0C9A687EAEF}.Release|Any CPU.ActiveCfg = Release|Any CPU
		{5FA2B589-4B8B-4A2B-B29F-C0C9A687EAEF}.Release|Any CPU.Build.0 = Release|Any CPU
		{8057A5DB-DF5C-4485-95AD-A4CCBB4AF631}.Debug|Any CPU.ActiveCfg = Debug|Any CPU
		{8057A5DB-DF5C-4485-95AD-A4CCBB4AF631}.Debug|Any CPU.Build.0 = Debug|Any CPU
		{8057A5DB-DF5C-4485-95AD-A4CCBB4AF631}.Release|Any CPU.ActiveCfg = Release|Any CPU
		{8057A5DB-DF5C-4485-95AD-A4CCBB4AF631}.Release|Any CPU.Build.0 = Release|Any CPU
		{EF814E43-2ACE-4122-A1C9-B3BAD2193E96}.Debug|Any CPU.ActiveCfg = Debug|Any CPU
		{EF814E43-2ACE-4122-A1C9-B3BAD2193E96}.Debug|Any CPU.Build.0 = Debug|Any CPU
		{EF814E43-2ACE-4122-A1C9-B3BAD2193E96}.Release|Any CPU.ActiveCfg = Release|Any CPU
		{EF814E43-2ACE-4122-A1C9-B3BAD2193E96}.Release|Any CPU.Build.0 = Release|Any CPU
		{90FDC46B-BD46-475E-9FF1-56E0C0B65AD1}.Debug|Any CPU.ActiveCfg = Debug|Any CPU
		{90FDC46B-BD46-475E-9FF1-56E0C0B65AD1}.Debug|Any CPU.Build.0 = Debug|Any CPU
		{90FDC46B-BD46-475E-9FF1-56E0C0B65AD1}.Release|Any CPU.ActiveCfg = Release|Any CPU
		{90FDC46B-BD46-475E-9FF1-56E0C0B65AD1}.Release|Any CPU.Build.0 = Release|Any CPU
		{DF04A179-E94E-43FE-AB35-5CBDFC3797BD}.Debug|Any CPU.ActiveCfg = Debug|Any CPU
		{DF04A179-E94E-43FE-AB35-5CBDFC3797BD}.Debug|Any CPU.Build.0 = Debug|Any CPU
		{DF04A179-E94E-43FE-AB35-5CBDFC3797BD}.Release|Any CPU.ActiveCfg = Release|Any CPU
		{DF04A179-E94E-43FE-AB35-5CBDFC3797BD}.Release|Any CPU.Build.0 = Release|Any CPU
		{37BB477B-6CA3-42DD-872C-0BFC15E179BB}.Debug|Any CPU.ActiveCfg = Debug|Any CPU
		{37BB477B-6CA3-42DD-872C-0BFC15E179BB}.Debug|Any CPU.Build.0 = Debug|Any CPU
		{37BB477B-6CA3-42DD-872C-0BFC15E179BB}.Release|Any CPU.ActiveCfg = Release|Any CPU
		{37BB477B-6CA3-42DD-872C-0BFC15E179BB}.Release|Any CPU.Build.0 = Release|Any CPU
		{214ED45A-C403-4A2B-BCAB-0F873B2B81B1}.Debug|Any CPU.ActiveCfg = Debug|Any CPU
		{214ED45A-C403-4A2B-BCAB-0F873B2B81B1}.Debug|Any CPU.Build.0 = Debug|Any CPU
		{214ED45A-C403-4A2B-BCAB-0F873B2B81B1}.Release|Any CPU.ActiveCfg = Release|Any CPU
		{214ED45A-C403-4A2B-BCAB-0F873B2B81B1}.Release|Any CPU.Build.0 = Release|Any CPU
		{9D023480-7F0C-42BD-9DC9-DC2C1C04A3C7}.Debug|Any CPU.ActiveCfg = Debug|Any CPU
		{9D023480-7F0C-42BD-9DC9-DC2C1C04A3C7}.Debug|Any CPU.Build.0 = Debug|Any CPU
		{9D023480-7F0C-42BD-9DC9-DC2C1C04A3C7}.Release|Any CPU.ActiveCfg = Release|Any CPU
		{9D023480-7F0C-42BD-9DC9-DC2C1C04A3C7}.Release|Any CPU.Build.0 = Release|Any CPU
		{EB820EAA-348C-45D5-8E84-E0BD119F2858}.Debug|Any CPU.ActiveCfg = Debug|Any CPU
		{EB820EAA-348C-45D5-8E84-E0BD119F2858}.Debug|Any CPU.Build.0 = Debug|Any CPU
		{EB820EAA-348C-45D5-8E84-E0BD119F2858}.Release|Any CPU.ActiveCfg = Release|Any CPU
		{EB820EAA-348C-45D5-8E84-E0BD119F2858}.Release|Any CPU.Build.0 = Release|Any CPU
		{A3B05639-B6FE-405B-A7C8-9AD84C4163E4}.Debug|Any CPU.ActiveCfg = Debug|Any CPU
		{A3B05639-B6FE-405B-A7C8-9AD84C4163E4}.Debug|Any CPU.Build.0 = Debug|Any CPU
		{A3B05639-B6FE-405B-A7C8-9AD84C4163E4}.Release|Any CPU.ActiveCfg = Release|Any CPU
		{A3B05639-B6FE-405B-A7C8-9AD84C4163E4}.Release|Any CPU.Build.0 = Release|Any CPU
		{E8D122AA-95C9-433C-BE0D-C324FA122B20}.Debug|Any CPU.ActiveCfg = Debug|Any CPU
		{E8D122AA-95C9-433C-BE0D-C324FA122B20}.Debug|Any CPU.Build.0 = Debug|Any CPU
		{E8D122AA-95C9-433C-BE0D-C324FA122B20}.Release|Any CPU.ActiveCfg = Release|Any CPU
		{E8D122AA-95C9-433C-BE0D-C324FA122B20}.Release|Any CPU.Build.0 = Release|Any CPU
		{F86A130B-211E-4724-B843-C2758E5905CF}.Debug|Any CPU.ActiveCfg = Debug|Any CPU
		{F86A130B-211E-4724-B843-C2758E5905CF}.Debug|Any CPU.Build.0 = Debug|Any CPU
		{F86A130B-211E-4724-B843-C2758E5905CF}.Release|Any CPU.ActiveCfg = Release|Any CPU
		{F86A130B-211E-4724-B843-C2758E5905CF}.Release|Any CPU.Build.0 = Release|Any CPU
		{46CEC59E-0758-4582-8E73-85E785BFD96D}.Debug|Any CPU.ActiveCfg = Debug|Any CPU
		{46CEC59E-0758-4582-8E73-85E785BFD96D}.Debug|Any CPU.Build.0 = Debug|Any CPU
		{46CEC59E-0758-4582-8E73-85E785BFD96D}.Release|Any CPU.ActiveCfg = Release|Any CPU
		{46CEC59E-0758-4582-8E73-85E785BFD96D}.Release|Any CPU.Build.0 = Release|Any CPU
		{6D5ABBAA-0ACF-48CF-80C8-6A4C6FF651E9}.Debug|Any CPU.ActiveCfg = Debug|Any CPU
		{6D5ABBAA-0ACF-48CF-80C8-6A4C6FF651E9}.Debug|Any CPU.Build.0 = Debug|Any CPU
		{6D5ABBAA-0ACF-48CF-80C8-6A4C6FF651E9}.Release|Any CPU.ActiveCfg = Release|Any CPU
		{6D5ABBAA-0ACF-48CF-80C8-6A4C6FF651E9}.Release|Any CPU.Build.0 = Release|Any CPU
		{730C9982-DDC8-4871-A70A-3B39D6DBF430}.Debug|Any CPU.ActiveCfg = Debug|Any CPU
		{730C9982-DDC8-4871-A70A-3B39D6DBF430}.Debug|Any CPU.Build.0 = Debug|Any CPU
		{730C9982-DDC8-4871-A70A-3B39D6DBF430}.Release|Any CPU.ActiveCfg = Release|Any CPU
		{730C9982-DDC8-4871-A70A-3B39D6DBF430}.Release|Any CPU.Build.0 = Release|Any CPU
	EndGlobalSection
	GlobalSection(SolutionProperties) = preSolution
		HideSolutionNode = FALSE
	EndGlobalSection
	GlobalSection(NestedProjects) = preSolution
		{6855CF0A-D03A-47F5-872E-D340CDDBF043} = {99FB4FA6-E9FC-4261-B73E-7F8A7F5B61B9}
		{72043ADD-ABE3-4F9E-BB22-3CB43CB76901} = {7905B87A-E1CF-4450-8062-BC2647AA124B}
		{9F5D659E-5523-421D-B119-2A07BDD0FD5D} = {7905B87A-E1CF-4450-8062-BC2647AA124B}
		{E1243FF9-B052-4AC7-AE55-80460B828599} = {72043ADD-ABE3-4F9E-BB22-3CB43CB76901}
		{3F27CE5C-96A9-4A9D-BF58-8BFA594A0FB1} = {9F5D659E-5523-421D-B119-2A07BDD0FD5D}
		{CC4E101F-0F15-477F-ABDD-674B62A59D85} = {3D0E1EA2-D6C2-44C0-8AFD-875A99105CB0}
		{DD5D3BD8-339F-4807-864C-0B70C6EA6579} = {3D0E1EA2-D6C2-44C0-8AFD-875A99105CB0}
		{B64691E5-47AE-4A02-BD8A-9C6E662558B2} = {3D0E1EA2-D6C2-44C0-8AFD-875A99105CB0}
		{32E4B991-EC41-4B3D-B20C-56E089F1B6E1} = {3D0E1EA2-D6C2-44C0-8AFD-875A99105CB0}
		{096AA23B-7E2B-4C25-822D-C62BC88E2E43} = {DD5D3BD8-339F-4807-864C-0B70C6EA6579}
		{44BF97A2-B208-4215-A9D3-ADD8E27676CB} = {B64691E5-47AE-4A02-BD8A-9C6E662558B2}
		{A2B637C2-911F-45EA-B889-DC349B46FE5A} = {32E4B991-EC41-4B3D-B20C-56E089F1B6E1}
		{C9AD9862-4539-4EEA-BA4D-1B01301263EB} = {99FB4FA6-E9FC-4261-B73E-7F8A7F5B61B9}
		{1EFDA8F3-F261-4C04-B069-67DACAE8BBE5} = {99FB4FA6-E9FC-4261-B73E-7F8A7F5B61B9}
		{22CDFFBF-E20F-42FF-B638-FF54DD3C7105} = {99FB4FA6-E9FC-4261-B73E-7F8A7F5B61B9}
		{0CA40CEA-AE5C-425D-8556-CBBABFDE5CFC} = {99FB4FA6-E9FC-4261-B73E-7F8A7F5B61B9}
		{DF6BFA02-30DF-4ABF-B335-58F3DD78B757} = {99FB4FA6-E9FC-4261-B73E-7F8A7F5B61B9}
		{828E8730-9FFE-4801-BE00-5013AA5EA1A5} = {99FB4FA6-E9FC-4261-B73E-7F8A7F5B61B9}
		{D399F467-FC99-413C-AE99-8F2B9AEEC34B} = {99FB4FA6-E9FC-4261-B73E-7F8A7F5B61B9}
		{BAD89178-2743-4E4E-91D6-A8C067AC820F} = {DD5D3BD8-339F-4807-864C-0B70C6EA6579}
		{067B2FB2-137F-4E34-8EB8-229F0ADE89AF} = {DD5D3BD8-339F-4807-864C-0B70C6EA6579}
		{D27FB9FA-9C09-4272-9B88-021D24B8409E} = {B64691E5-47AE-4A02-BD8A-9C6E662558B2}
		{9EC2D6AB-E1A3-4909-9011-213EFD255586} = {32E4B991-EC41-4B3D-B20C-56E089F1B6E1}
		{83E3786B-5C01-4411-8F41-7C0CE3B6AA6A} = {DD5D3BD8-339F-4807-864C-0B70C6EA6579}
		{E75B1BD8-8447-4CDD-BF8E-110F0C16C125} = {B64691E5-47AE-4A02-BD8A-9C6E662558B2}
		{149DE941-CAA6-4EBE-ABC0-29185C39C61B} = {32E4B991-EC41-4B3D-B20C-56E089F1B6E1}
		{A2A98D7A-25E9-4BE2-8E13-ED244DECBB18} = {DD5D3BD8-339F-4807-864C-0B70C6EA6579}
		{5A2CE5F7-D82A-4D6B-AD2C-F3CEC44A11C6} = {32E4B991-EC41-4B3D-B20C-56E089F1B6E1}
		{BC4B313D-D80D-4CAC-B2DA-9DAD04FEC137} = {B64691E5-47AE-4A02-BD8A-9C6E662558B2}
		{5FA2B589-4B8B-4A2B-B29F-C0C9A687EAEF} = {CC4E101F-0F15-477F-ABDD-674B62A59D85}
		{8057A5DB-DF5C-4485-95AD-A4CCBB4AF631} = {99FB4FA6-E9FC-4261-B73E-7F8A7F5B61B9}
		{EF814E43-2ACE-4122-A1C9-B3BAD2193E96} = {99FB4FA6-E9FC-4261-B73E-7F8A7F5B61B9}
		{90FDC46B-BD46-475E-9FF1-56E0C0B65AD1} = {99FB4FA6-E9FC-4261-B73E-7F8A7F5B61B9}
		{DF04A179-E94E-43FE-AB35-5CBDFC3797BD} = {DD5D3BD8-339F-4807-864C-0B70C6EA6579}
		{37BB477B-6CA3-42DD-872C-0BFC15E179BB} = {CC4E101F-0F15-477F-ABDD-674B62A59D85}
		{214ED45A-C403-4A2B-BCAB-0F873B2B81B1} = {DD5D3BD8-339F-4807-864C-0B70C6EA6579}
		{9D023480-7F0C-42BD-9DC9-DC2C1C04A3C7} = {B64691E5-47AE-4A02-BD8A-9C6E662558B2}
		{EB820EAA-348C-45D5-8E84-E0BD119F2858} = {32E4B991-EC41-4B3D-B20C-56E089F1B6E1}
		{A3B05639-B6FE-405B-A7C8-9AD84C4163E4} = {DD5D3BD8-339F-4807-864C-0B70C6EA6579}
		{E8D122AA-95C9-433C-BE0D-C324FA122B20} = {B64691E5-47AE-4A02-BD8A-9C6E662558B2}
		{F86A130B-211E-4724-B843-C2758E5905CF} = {32E4B991-EC41-4B3D-B20C-56E089F1B6E1}
		{46CEC59E-0758-4582-8E73-85E785BFD96D} = {B64691E5-47AE-4A02-BD8A-9C6E662558B2}
		{6D5ABBAA-0ACF-48CF-80C8-6A4C6FF651E9} = {32E4B991-EC41-4B3D-B20C-56E089F1B6E1}
		{730C9982-DDC8-4871-A70A-3B39D6DBF430} = {DD5D3BD8-339F-4807-864C-0B70C6EA6579}
	EndGlobalSection
	GlobalSection(ExtensibilityGlobals) = postSolution
		SolutionGuid = {65EBE67F-9EF2-4F47-A70E-1A7EAB195C63}
	EndGlobalSection
EndGlobal
